
Microsoft Visual Studio Solution File, Format Version 12.00
# Visual Studio 14
VisualStudioVersion = 14.0.25420.1
MinimumVisualStudioVersion = 12.0.40629.0
Project("{FAE04EC0-301F-11D3-BF4B-00C04F79EFBC}") = "BLP", "BLP\BLP.csproj", "{CEEBD525-49E2-4C3D-B728-B1FC025D09B9}"
EndProject
Project("{FAE04EC0-301F-11D3-BF4B-00C04F79EFBC}") = "BLP.Entities", "BLP.Entities\BLP.Entities.csproj", "{06A905AE-42F9-4A75-B09A-93140178849C}"
EndProject
Project("{FAE04EC0-301F-11D3-BF4B-00C04F79EFBC}") = "BLP.Repository", "BLP.Repository\BLP.Repository.csproj", "{94D614F0-71AD-4A78-B327-E34FD8F9E260}"
EndProject
Project("{FAE04EC0-301F-11D3-BF4B-00C04F79EFBC}") = "BLP.Models", "BLP.Models\BLP.Models.csproj", "{40C93D63-4383-4C4F-8281-B6F492F25A93}"
EndProject
Project("{FAE04EC0-301F-11D3-BF4B-00C04F79EFBC}") = "BLP.UnitTester", "BLP.UnitTester\BLP.UnitTester.csproj", "{E9F95887-65D3-4354-9971-223289DF80E6}"
EndProject
Project("{FAE04EC0-301F-11D3-BF4B-00C04F79EFBC}") = "BLP.Service", "BLP.Service\BLP.Service.csproj", "{CF21EB3A-4B5C-46C5-9C37-B2A2FD6B81AD}"
EndProject
Project("{FAE04EC0-301F-11D3-BF4B-00C04F79EFBC}") = "BLP.Core", "BLP.Core\BLP.Core.csproj", "{C0F76007-885E-4082-A84E-966313F97AFE}"
EndProject
Global
	GlobalSection(SolutionConfigurationPlatforms) = preSolution
		Local|Any CPU = Local|Any CPU
		Prod|Any CPU = Prod|Any CPU
		QA|Any CPU = QA|Any CPU
		UAT|Any CPU = UAT|Any CPU
	EndGlobalSection
	GlobalSection(ProjectConfigurationPlatforms) = postSolution
		{CEEBD525-49E2-4C3D-B728-B1FC025D09B9}.Local|Any CPU.ActiveCfg = Local|Any CPU
		{CEEBD525-49E2-4C3D-B728-B1FC025D09B9}.Local|Any CPU.Build.0 = Local|Any CPU
		{CEEBD525-49E2-4C3D-B728-B1FC025D09B9}.Local|Any CPU.Deploy.0 = Local|Any CPU
		{CEEBD525-49E2-4C3D-B728-B1FC025D09B9}.Prod|Any CPU.ActiveCfg = Prod|Any CPU
		{CEEBD525-49E2-4C3D-B728-B1FC025D09B9}.Prod|Any CPU.Build.0 = Prod|Any CPU
		{CEEBD525-49E2-4C3D-B728-B1FC025D09B9}.QA|Any CPU.ActiveCfg = QA|Any CPU
		{CEEBD525-49E2-4C3D-B728-B1FC025D09B9}.QA|Any CPU.Build.0 = QA|Any CPU
		{CEEBD525-49E2-4C3D-B728-B1FC025D09B9}.UAT|Any CPU.ActiveCfg = UAT|Any CPU
		{CEEBD525-49E2-4C3D-B728-B1FC025D09B9}.UAT|Any CPU.Build.0 = UAT|Any CPU
		{06A905AE-42F9-4A75-B09A-93140178849C}.Local|Any CPU.ActiveCfg = Local|Any CPU
		{06A905AE-42F9-4A75-B09A-93140178849C}.Local|Any CPU.Build.0 = Local|Any CPU
		{06A905AE-42F9-4A75-B09A-93140178849C}.Prod|Any CPU.ActiveCfg = Prod|Any CPU
		{06A905AE-42F9-4A75-B09A-93140178849C}.Prod|Any CPU.Build.0 = Prod|Any CPU
		{06A905AE-42F9-4A75-B09A-93140178849C}.QA|Any CPU.ActiveCfg = QA|Any CPU
		{06A905AE-42F9-4A75-B09A-93140178849C}.QA|Any CPU.Build.0 = QA|Any CPU
		{06A905AE-42F9-4A75-B09A-93140178849C}.UAT|Any CPU.ActiveCfg = UAT|Any CPU
		{06A905AE-42F9-4A75-B09A-93140178849C}.UAT|Any CPU.Build.0 = UAT|Any CPU
		{94D614F0-71AD-4A78-B327-E34FD8F9E260}.Local|Any CPU.ActiveCfg = Local|Any CPU
		{94D614F0-71AD-4A78-B327-E34FD8F9E260}.Local|Any CPU.Build.0 = Local|Any CPU
		{94D614F0-71AD-4A78-B327-E34FD8F9E260}.Prod|Any CPU.ActiveCfg = Prod|Any CPU
		{94D614F0-71AD-4A78-B327-E34FD8F9E260}.Prod|Any CPU.Build.0 = Prod|Any CPU
		{94D614F0-71AD-4A78-B327-E34FD8F9E260}.QA|Any CPU.ActiveCfg = QA|Any CPU
		{94D614F0-71AD-4A78-B327-E34FD8F9E260}.QA|Any CPU.Build.0 = QA|Any CPU
		{94D614F0-71AD-4A78-B327-E34FD8F9E260}.UAT|Any CPU.ActiveCfg = UAT|Any CPU
		{94D614F0-71AD-4A78-B327-E34FD8F9E260}.UAT|Any CPU.Build.0 = UAT|Any CPU
		{40C93D63-4383-4C4F-8281-B6F492F25A93}.Local|Any CPU.ActiveCfg = Local|Any CPU
		{40C93D63-4383-4C4F-8281-B6F492F25A93}.Local|Any CPU.Build.0 = Local|Any CPU
		{40C93D63-4383-4C4F-8281-B6F492F25A93}.Prod|Any CPU.ActiveCfg = Prod|Any CPU
		{40C93D63-4383-4C4F-8281-B6F492F25A93}.Prod|Any CPU.Build.0 = Prod|Any CPU
		{40C93D63-4383-4C4F-8281-B6F492F25A93}.QA|Any CPU.ActiveCfg = QA|Any CPU
		{40C93D63-4383-4C4F-8281-B6F492F25A93}.QA|Any CPU.Build.0 = QA|Any CPU
		{40C93D63-4383-4C4F-8281-B6F492F25A93}.UAT|Any CPU.ActiveCfg = UAT|Any CPU
		{40C93D63-4383-4C4F-8281-B6F492F25A93}.UAT|Any CPU.Build.0 = UAT|Any CPU
		{E9F95887-65D3-4354-9971-223289DF80E6}.Local|Any CPU.ActiveCfg = Local|Any CPU
		{E9F95887-65D3-4354-9971-223289DF80E6}.Local|Any CPU.Build.0 = Local|Any CPU
		{E9F95887-65D3-4354-9971-223289DF80E6}.Prod|Any CPU.ActiveCfg = Prod|Any CPU
		{E9F95887-65D3-4354-9971-223289DF80E6}.QA|Any CPU.ActiveCfg = QA|Any CPU
		{E9F95887-65D3-4354-9971-223289DF80E6}.UAT|Any CPU.ActiveCfg = UAT|Any CPU
		{CF21EB3A-4B5C-46C5-9C37-B2A2FD6B81AD}.Local|Any CPU.ActiveCfg = Local|Any CPU
		{CF21EB3A-4B5C-46C5-9C37-B2A2FD6B81AD}.Local|Any CPU.Build.0 = Local|Any CPU
		{CF21EB3A-4B5C-46C5-9C37-B2A2FD6B81AD}.Prod|Any CPU.ActiveCfg = Prod|Any CPU
		{CF21EB3A-4B5C-46C5-9C37-B2A2FD6B81AD}.Prod|Any CPU.Build.0 = Prod|Any CPU
		{CF21EB3A-4B5C-46C5-9C37-B2A2FD6B81AD}.QA|Any CPU.ActiveCfg = QA|Any CPU
		{CF21EB3A-4B5C-46C5-9C37-B2A2FD6B81AD}.QA|Any CPU.Build.0 = QA|Any CPU
		{CF21EB3A-4B5C-46C5-9C37-B2A2FD6B81AD}.UAT|Any CPU.ActiveCfg = UAT|Any CPU
		{CF21EB3A-4B5C-46C5-9C37-B2A2FD6B81AD}.UAT|Any CPU.Build.0 = UAT|Any CPU
		{C0F76007-885E-4082-A84E-966313F97AFE}.Local|Any CPU.ActiveCfg = Local|Any CPU
		{C0F76007-885E-4082-A84E-966313F97AFE}.Local|Any CPU.Build.0 = Local|Any CPU
		{C0F76007-885E-4082-A84E-966313F97AFE}.Local|Any CPU.Deploy.0 = Local|Any CPU
		{C0F76007-885E-4082-A84E-966313F97AFE}.Prod|Any CPU.ActiveCfg = Prod|Any CPU
		{C0F76007-885E-4082-A84E-966313F97AFE}.Prod|Any CPU.Build.0 = Prod|Any CPU
		{C0F76007-885E-4082-A84E-966313F97AFE}.QA|Any CPU.ActiveCfg = QA|Any CPU
		{C0F76007-885E-4082-A84E-966313F97AFE}.QA|Any CPU.Build.0 = QA|Any CPU
		{C0F76007-885E-4082-A84E-966313F97AFE}.UAT|Any CPU.ActiveCfg = UAT|Any CPU
		{C0F76007-885E-4082-A84E-966313F97AFE}.UAT|Any CPU.Build.0 = UAT|Any CPU
	EndGlobalSection
	GlobalSection(SolutionProperties) = preSolution
		HideSolutionNode = FALSE
	EndGlobalSection
EndGlobal
